
Microsoft Visual Studio Solution File, Format Version 12.00
# Visual Studio 2013
VisualStudioVersion = 12.0.31101.0
MinimumVisualStudioVersion = 10.0.40219.1
Project("{FAE04EC0-301F-11D3-BF4B-00C04F79EFBC}") = "Saad", "Saad\Saad.csproj", "{F27AEF6B-FF0D-45AB-81BC-010A4325CC5D}"
EndProject
Project("{FAE04EC0-301F-11D3-BF4B-00C04F79EFBC}") = "Saad.Lib", "Saad.Lib\Saad.Lib.csproj", "{83452BFC-C089-433D-B4C2-9D8313EC7228}"
EndProject
Project("{FAE04EC0-301F-11D3-BF4B-00C04F79EFBC}") = "Saad.Migration", "Saad.Migration\Saad.Migration.csproj", "{5FE8029F-F27A-4242-90E1-562BE0F4611F}"
EndProject
Project("{FAE04EC0-301F-11D3-BF4B-00C04F79EFBC}") = "Saad.Workers", "Saad.Workers\Saad.Workers.csproj", "{09315A47-DA6E-4DDB-84C9-49968BD9B5E5}"
EndProject
Global
	GlobalSection(SolutionConfigurationPlatforms) = preSolution
		Debug|Any CPU = Debug|Any CPU
		Release|Any CPU = Release|Any CPU
	EndGlobalSection
	GlobalSection(ProjectConfigurationPlatforms) = postSolution
		{F27AEF6B-FF0D-45AB-81BC-010A4325CC5D}.Debug|Any CPU.ActiveCfg = Debug|Any CPU
		{F27AEF6B-FF0D-45AB-81BC-010A4325CC5D}.Debug|Any CPU.Build.0 = Debug|Any CPU
		{F27AEF6B-FF0D-45AB-81BC-010A4325CC5D}.Release|Any CPU.ActiveCfg = Release|Any CPU
		{F27AEF6B-FF0D-45AB-81BC-010A4325CC5D}.Release|Any CPU.Build.0 = Release|Any CPU
		{83452BFC-C089-433D-B4C2-9D8313EC7228}.Debug|Any CPU.ActiveCfg = Debug|Any CPU
		{83452BFC-C089-433D-B4C2-9D8313EC7228}.Debug|Any CPU.Build.0 = Debug|Any CPU
		{83452BFC-C089-433D-B4C2-9D8313EC7228}.Release|Any CPU.ActiveCfg = Release|Any CPU
		{83452BFC-C089-433D-B4C2-9D8313EC7228}.Release|Any CPU.Build.0 = Release|Any CPU
		{5FE8029F-F27A-4242-90E1-562BE0F4611F}.Debug|Any CPU.ActiveCfg = Debug|Any CPU
		{5FE8029F-F27A-4242-90E1-562BE0F4611F}.Debug|Any CPU.Build.0 = Debug|Any CPU
		{5FE8029F-F27A-4242-90E1-562BE0F4611F}.Release|Any CPU.ActiveCfg = Release|Any CPU
		{5FE8029F-F27A-4242-90E1-562BE0F4611F}.Release|Any CPU.Build.0 = Release|Any CPU
		{09315A47-DA6E-4DDB-84C9-49968BD9B5E5}.Debug|Any CPU.ActiveCfg = Debug|Any CPU
		{09315A47-DA6E-4DDB-84C9-49968BD9B5E5}.Debug|Any CPU.Build.0 = Debug|Any CPU
		{09315A47-DA6E-4DDB-84C9-49968BD9B5E5}.Release|Any CPU.ActiveCfg = Release|Any CPU
		{09315A47-DA6E-4DDB-84C9-49968BD9B5E5}.Release|Any CPU.Build.0 = Release|Any CPU
	EndGlobalSection
	GlobalSection(SolutionProperties) = preSolution
		HideSolutionNode = FALSE
	EndGlobalSection
EndGlobal
